
Microsoft Visual Studio Solution File, Format Version 12.00
# Visual Studio Version 17
VisualStudioVersion = 17.7.34031.279
MinimumVisualStudioVersion = 10.0.40219.1
Project("{FAE04EC0-301F-11D3-BF4B-00C04F79EFBC}") = "IntegerToRoman", "IntegerToRoman\IntegerToRoman.csproj", "{813CA014-C25D-468E-84A1-4B012F098051}"
EndProject
Project("{FAE04EC0-301F-11D3-BF4B-00C04F79EFBC}") = "IntegerToRoman.Tests", "IntegerToRoman.Tests\IntegerToRoman.Tests.csproj", "{390CEB3F-1A1C-4E9A-8B87-DA91F005947E}"
EndProject
Global
	GlobalSection(SolutionConfigurationPlatforms) = preSolution
		Debug|Any CPU = Debug|Any CPU
		Release|Any CPU = Release|Any CPU
	EndGlobalSection
	GlobalSection(ProjectConfigurationPlatforms) = postSolution
		{813CA014-C25D-468E-84A1-4B012F098051}.Debug|Any CPU.ActiveCfg = Debug|Any CPU
		{813CA014-C25D-468E-84A1-4B012F098051}.Debug|Any CPU.Build.0 = Debug|Any CPU
		{813CA014-C25D-468E-84A1-4B012F098051}.Release|Any CPU.ActiveCfg = Release|Any CPU
		{813CA014-C25D-468E-84A1-4B012F098051}.Release|Any CPU.Build.0 = Release|Any CPU
		{390CEB3F-1A1C-4E9A-8B87-DA91F005947E}.Debug|Any CPU.ActiveCfg = Debug|Any CPU
		{390CEB3F-1A1C-4E9A-8B87-DA91F005947E}.Debug|Any CPU.Build.0 = Debug|Any CPU
		{390CEB3F-1A1C-4E9A-8B87-DA91F005947E}.Release|Any CPU.ActiveCfg = Release|Any CPU
		{390CEB3F-1A1C-4E9A-8B87-DA91F005947E}.Release|Any CPU.Build.0 = Release|Any CPU
	EndGlobalSection
	GlobalSection(SolutionProperties) = preSolution
		HideSolutionNode = FALSE
	EndGlobalSection
	GlobalSection(ExtensibilityGlobals) = postSolution
		SolutionGuid = {CFFAB629-26C7-4093-A272-56D21E9B6195}
	EndGlobalSection
EndGlobal
